// !$*UTF8*$!
{
	archiveVersion = 1;
	classes = {
	};
	objectVersion = 50;
	objects = {

/* Begin PBXBuildFile section */
		4280479E2440261500C43156 /* doctor.png in Resources */ = {isa = PBXBuildFile; fileRef = 4280479D2440261500C43156 /* doctor.png */; };
		61DF0E6F2445670D00E472BA /* BacImg4.jpg in Resources */ = {isa = PBXBuildFile; fileRef = 61DF0E6E2445670D00E472BA /* BacImg4.jpg */; };
		61DF0E7C244567B700E472BA /* img2.jpg in Resources */ = {isa = PBXBuildFile; fileRef = 61DF0E70244567B600E472BA /* img2.jpg */; };
		61DF0E7D244567B700E472BA /* img5.jpg in Resources */ = {isa = PBXBuildFile; fileRef = 61DF0E71244567B600E472BA /* img5.jpg */; };
		61DF0E7E244567B700E472BA /* img4.jpg in Resources */ = {isa = PBXBuildFile; fileRef = 61DF0E72244567B600E472BA /* img4.jpg */; };
		61DF0E7F244567B700E472BA /* img9.jpg in Resources */ = {isa = PBXBuildFile; fileRef = 61DF0E73244567B600E472BA /* img9.jpg */; };
		61DF0E80244567B700E472BA /* img10.jpg in Resources */ = {isa = PBXBuildFile; fileRef = 61DF0E74244567B600E472BA /* img10.jpg */; };
		61DF0E81244567B700E472BA /* img7.jpg in Resources */ = {isa = PBXBuildFile; fileRef = 61DF0E75244567B600E472BA /* img7.jpg */; };
		61DF0E82244567B700E472BA /* img12.jpg in Resources */ = {isa = PBXBuildFile; fileRef = 61DF0E76244567B600E472BA /* img12.jpg */; };
		61DF0E83244567B700E472BA /* img6.jpg in Resources */ = {isa = PBXBuildFile; fileRef = 61DF0E77244567B700E472BA /* img6.jpg */; };
		61DF0E84244567B700E472BA /* img1.jpg in Resources */ = {isa = PBXBuildFile; fileRef = 61DF0E78244567B700E472BA /* img1.jpg */; };
		61DF0E85244567B700E472BA /* img3.jpg in Resources */ = {isa = PBXBuildFile; fileRef = 61DF0E79244567B700E472BA /* img3.jpg */; };
		61DF0E86244567B700E472BA /* img11.jpg in Resources */ = {isa = PBXBuildFile; fileRef = 61DF0E7A244567B700E472BA /* img11.jpg */; };
		61DF0E87244567B700E472BA /* img8.jpg in Resources */ = {isa = PBXBuildFile; fileRef = 61DF0E7B244567B700E472BA /* img8.jpg */; };
		61DF0E8924456C8800E472BA /* doctorListViewController.swift in Sources */ = {isa = PBXBuildFile; fileRef = 61DF0E8824456C8800E472BA /* doctorListViewController.swift */; };
		8C4A485B243D495500F6B20E /* AppDelegate.swift in Sources */ = {isa = PBXBuildFile; fileRef = 8C4A485A243D495500F6B20E /* AppDelegate.swift */; };
		8C4A485D243D495500F6B20E /* SceneDelegate.swift in Sources */ = {isa = PBXBuildFile; fileRef = 8C4A485C243D495500F6B20E /* SceneDelegate.swift */; };
		8C4A485F243D495500F6B20E /* ViewController.swift in Sources */ = {isa = PBXBuildFile; fileRef = 8C4A485E243D495500F6B20E /* ViewController.swift */; };
		8C4A4862243D495500F6B20E /* Main.storyboard in Resources */ = {isa = PBXBuildFile; fileRef = 8C4A4860243D495500F6B20E /* Main.storyboard */; };
		8C4A4865243D495500F6B20E /* DoorDoctor.xcdatamodeld in Sources */ = {isa = PBXBuildFile; fileRef = 8C4A4863243D495500F6B20E /* DoorDoctor.xcdatamodeld */; };
		8C4A4867243D495600F6B20E /* Assets.xcassets in Resources */ = {isa = PBXBuildFile; fileRef = 8C4A4866243D495600F6B20E /* Assets.xcassets */; };
		8C4A486A243D495600F6B20E /* LaunchScreen.storyboard in Resources */ = {isa = PBXBuildFile; fileRef = 8C4A4868243D495600F6B20E /* LaunchScreen.storyboard */; };
		8C4A4872243D4CB600F6B20E /* loginViewController.swift in Sources */ = {isa = PBXBuildFile; fileRef = 8C4A4871243D4CB600F6B20E /* loginViewController.swift */; };
		8C4A4874243D4CC800F6B20E /* signupViewController.swift in Sources */ = {isa = PBXBuildFile; fileRef = 8C4A4873243D4CC800F6B20E /* signupViewController.swift */; };
		8C4A487B243E661600F6B20E /* Utilities.swift in Sources */ = {isa = PBXBuildFile; fileRef = 8C4A487A243E661600F6B20E /* Utilities.swift */; };
		BD5070D22444F7B20070DD5A /* hometabViewController.swift in Sources */ = {isa = PBXBuildFile; fileRef = BD5070D12444F7B20070DD5A /* hometabViewController.swift */; };
		BD5070D4244503900070DD5A /* iconAsset.xcassets in Resources */ = {isa = PBXBuildFile; fileRef = BD5070D3244503900070DD5A /* iconAsset.xcassets */; };
		BD5070D624451A1A0070DD5A /* Designable Text Field.swift in Sources */ = {isa = PBXBuildFile; fileRef = BD5070D524451A1A0070DD5A /* Designable Text Field.swift */; };
		BDD74BE1243FE4DF00239FAD /* Cowboy - 33318.mp4 in Resources */ = {isa = PBXBuildFile; fileRef = BDD74BE0243FE4DF00239FAD /* Cowboy - 33318.mp4 */; };
		BDD74BE3243FEA8200239FAD /* Doctor - 29643.mp4 in Resources */ = {isa = PBXBuildFile; fileRef = BDD74BE2243FEA8200239FAD /* Doctor - 29643.mp4 */; };
/* End PBXBuildFile section */

/* Begin PBXFileReference section */
		4280479D2440261500C43156 /* doctor.png */ = {isa = PBXFileReference; lastKnownFileType = image.png; path = doctor.png; sourceTree = "<group>"; };
		61DF0E6E2445670D00E472BA /* BacImg4.jpg */ = {isa = PBXFileReference; lastKnownFileType = image.jpeg; path = BacImg4.jpg; sourceTree = "<group>"; };
		61DF0E70244567B600E472BA /* img2.jpg */ = {isa = PBXFileReference; lastKnownFileType = image.jpeg; path = img2.jpg; sourceTree = "<group>"; };
		61DF0E71244567B600E472BA /* img5.jpg */ = {isa = PBXFileReference; lastKnownFileType = image.jpeg; path = img5.jpg; sourceTree = "<group>"; };
		61DF0E72244567B600E472BA /* img4.jpg */ = {isa = PBXFileReference; lastKnownFileType = image.jpeg; path = img4.jpg; sourceTree = "<group>"; };
		61DF0E73244567B600E472BA /* img9.jpg */ = {isa = PBXFileReference; lastKnownFileType = image.jpeg; path = img9.jpg; sourceTree = "<group>"; };
		61DF0E74244567B600E472BA /* img10.jpg */ = {isa = PBXFileReference; lastKnownFileType = image.jpeg; path = img10.jpg; sourceTree = "<group>"; };
		61DF0E75244567B600E472BA /* img7.jpg */ = {isa = PBXFileReference; lastKnownFileType = image.jpeg; path = img7.jpg; sourceTree = "<group>"; };
		61DF0E76244567B600E472BA /* img12.jpg */ = {isa = PBXFileReference; lastKnownFileType = image.jpeg; path = img12.jpg; sourceTree = "<group>"; };
		61DF0E77244567B700E472BA /* img6.jpg */ = {isa = PBXFileReference; lastKnownFileType = image.jpeg; path = img6.jpg; sourceTree = "<group>"; };
		61DF0E78244567B700E472BA /* img1.jpg */ = {isa = PBXFileReference; lastKnownFileType = image.jpeg; path = img1.jpg; sourceTree = "<group>"; };
		61DF0E79244567B700E472BA /* img3.jpg */ = {isa = PBXFileReference; lastKnownFileType = image.jpeg; path = img3.jpg; sourceTree = "<group>"; };
		61DF0E7A244567B700E472BA /* img11.jpg */ = {isa = PBXFileReference; lastKnownFileType = image.jpeg; path = img11.jpg; sourceTree = "<group>"; };
		61DF0E7B244567B700E472BA /* img8.jpg */ = {isa = PBXFileReference; lastKnownFileType = image.jpeg; path = img8.jpg; sourceTree = "<group>"; };
		61DF0E8824456C8800E472BA /* doctorListViewController.swift */ = {isa = PBXFileReference; lastKnownFileType = sourcecode.swift; path = doctorListViewController.swift; sourceTree = "<group>"; };
		8C4A4857243D495500F6B20E /* DoorDoctor.app */ = {isa = PBXFileReference; explicitFileType = wrapper.application; includeInIndex = 0; path = DoorDoctor.app; sourceTree = BUILT_PRODUCTS_DIR; };
		8C4A485A243D495500F6B20E /* AppDelegate.swift */ = {isa = PBXFileReference; lastKnownFileType = sourcecode.swift; path = AppDelegate.swift; sourceTree = "<group>"; };
		8C4A485C243D495500F6B20E /* SceneDelegate.swift */ = {isa = PBXFileReference; lastKnownFileType = sourcecode.swift; path = SceneDelegate.swift; sourceTree = "<group>"; };
		8C4A485E243D495500F6B20E /* ViewController.swift */ = {isa = PBXFileReference; lastKnownFileType = sourcecode.swift; path = ViewController.swift; sourceTree = "<group>"; };
		8C4A4861243D495500F6B20E /* Base */ = {isa = PBXFileReference; lastKnownFileType = file.storyboard; name = Base; path = Base.lproj/Main.storyboard; sourceTree = "<group>"; };
		8C4A4864243D495500F6B20E /* DoorDoctor.xcdatamodel */ = {isa = PBXFileReference; lastKnownFileType = wrapper.xcdatamodel; path = DoorDoctor.xcdatamodel; sourceTree = "<group>"; };
		8C4A4866243D495600F6B20E /* Assets.xcassets */ = {isa = PBXFileReference; lastKnownFileType = folder.assetcatalog; path = Assets.xcassets; sourceTree = "<group>"; };
		8C4A4869243D495600F6B20E /* Base */ = {isa = PBXFileReference; lastKnownFileType = file.storyboard; name = Base; path = Base.lproj/LaunchScreen.storyboard; sourceTree = "<group>"; };
		8C4A486B243D495600F6B20E /* Info.plist */ = {isa = PBXFileReference; lastKnownFileType = text.plist.xml; path = Info.plist; sourceTree = "<group>"; };
		8C4A4871243D4CB600F6B20E /* loginViewController.swift */ = {isa = PBXFileReference; lastKnownFileType = sourcecode.swift; path = loginViewController.swift; sourceTree = "<group>"; };
		8C4A4873243D4CC800F6B20E /* signupViewController.swift */ = {isa = PBXFileReference; lastKnownFileType = sourcecode.swift; path = signupViewController.swift; sourceTree = "<group>"; };
		8C4A487A243E661600F6B20E /* Utilities.swift */ = {isa = PBXFileReference; lastKnownFileType = sourcecode.swift; path = Utilities.swift; sourceTree = "<group>"; };
		BD5070D12444F7B20070DD5A /* hometabViewController.swift */ = {isa = PBXFileReference; lastKnownFileType = sourcecode.swift; path = hometabViewController.swift; sourceTree = "<group>"; };
		BD5070D3244503900070DD5A /* iconAsset.xcassets */ = {isa = PBXFileReference; lastKnownFileType = folder.assetcatalog; path = iconAsset.xcassets; sourceTree = "<group>"; };
		BD5070D524451A1A0070DD5A /* Designable Text Field.swift */ = {isa = PBXFileReference; lastKnownFileType = sourcecode.swift; path = "Designable Text Field.swift"; sourceTree = "<group>"; };
		BDD74BE0243FE4DF00239FAD /* Cowboy - 33318.mp4 */ = {isa = PBXFileReference; lastKnownFileType = file; path = "Cowboy - 33318.mp4"; sourceTree = "<group>"; };
		BDD74BE2243FEA8200239FAD /* Doctor - 29643.mp4 */ = {isa = PBXFileReference; lastKnownFileType = file; path = "Doctor - 29643.mp4"; sourceTree = "<group>"; };
/* End PBXFileReference section */

/* Begin PBXFrameworksBuildPhase section */
		8C4A4854243D495500F6B20E /* Frameworks */ = {
			isa = PBXFrameworksBuildPhase;
			buildActionMask = 2147483647;
			files = (
			);
			runOnlyForDeploymentPostprocessing = 0;
		};
/* End PBXFrameworksBuildPhase section */

/* Begin PBXGroup section */
		61DF0E6D2445615A00E472BA /* Images */ = {
			isa = PBXGroup;
			children = (
				61DF0E78244567B700E472BA /* img1.jpg */,
				61DF0E70244567B600E472BA /* img2.jpg */,
				61DF0E79244567B700E472BA /* img3.jpg */,
				61DF0E72244567B600E472BA /* img4.jpg */,
				61DF0E71244567B600E472BA /* img5.jpg */,
				61DF0E77244567B700E472BA /* img6.jpg */,
				61DF0E75244567B600E472BA /* img7.jpg */,
				61DF0E7B244567B700E472BA /* img8.jpg */,
				61DF0E73244567B600E472BA /* img9.jpg */,
				61DF0E74244567B600E472BA /* img10.jpg */,
				61DF0E7A244567B700E472BA /* img11.jpg */,
				61DF0E76244567B600E472BA /* img12.jpg */,
				61DF0E6E2445670D00E472BA /* BacImg4.jpg */,
			);
			path = Images;
			sourceTree = "<group>";
		};
		8C4A484E243D495500F6B20E = {
			isa = PBXGroup;
			children = (
				8C4A4859243D495500F6B20E /* DoorDoctor */,
				8C4A4858243D495500F6B20E /* Products */,
			);
			sourceTree = "<group>";
		};
		8C4A4858243D495500F6B20E /* Products */ = {
			isa = PBXGroup;
			children = (
				8C4A4857243D495500F6B20E /* DoorDoctor.app */,
			);
			name = Products;
			sourceTree = "<group>";
		};
		8C4A4859243D495500F6B20E /* DoorDoctor */ = {
			isa = PBXGroup;
			children = (
				61DF0E6D2445615A00E472BA /* Images */,
				4280479D2440261500C43156 /* doctor.png */,
				8C4A4877243E65A600F6B20E /* Helpers */,
				8C4A485A243D495500F6B20E /* AppDelegate.swift */,
				8C4A485C243D495500F6B20E /* SceneDelegate.swift */,
				8C4A485E243D495500F6B20E /* ViewController.swift */,
				8C4A4860243D495500F6B20E /* Main.storyboard */,
				8C4A4866243D495600F6B20E /* Assets.xcassets */,
				8C4A4868243D495600F6B20E /* LaunchScreen.storyboard */,
				8C4A486B243D495600F6B20E /* Info.plist */,
				BDD74BE2243FEA8200239FAD /* Doctor - 29643.mp4 */,
				BDD74BE0243FE4DF00239FAD /* Cowboy - 33318.mp4 */,
				8C4A4863243D495500F6B20E /* DoorDoctor.xcdatamodeld */,
				8C4A4871243D4CB600F6B20E /* loginViewController.swift */,
				61DF0E8824456C8800E472BA /* doctorListViewController.swift */,
				8C4A4873243D4CC800F6B20E /* signupViewController.swift */,
				BD5070D12444F7B20070DD5A /* hometabViewController.swift */,
				BD5070D3244503900070DD5A /* iconAsset.xcassets */,
				BD5070D524451A1A0070DD5A /* Designable Text Field.swift */,
			);
			path = DoorDoctor;
			sourceTree = "<group>";
		};
		8C4A4877243E65A600F6B20E /* Helpers */ = {
			isa = PBXGroup;
			children = (
				8C4A487A243E661600F6B20E /* Utilities.swift */,
			);
			path = Helpers;
			sourceTree = "<group>";
		};
/* End PBXGroup section */

/* Begin PBXNativeTarget section */
		8C4A4856243D495500F6B20E /* DoorDoctor */ = {
			isa = PBXNativeTarget;
			buildConfigurationList = 8C4A486E243D495600F6B20E /* Build configuration list for PBXNativeTarget "DoorDoctor" */;
			buildPhases = (
				8C4A4853243D495500F6B20E /* Sources */,
				8C4A4854243D495500F6B20E /* Frameworks */,
				8C4A4855243D495500F6B20E /* Resources */,
			);
			buildRules = (
			);
			dependencies = (
			);
			name = DoorDoctor;
			productName = DoorDoctor;
			productReference = 8C4A4857243D495500F6B20E /* DoorDoctor.app */;
			productType = "com.apple.product-type.application";
		};
/* End PBXNativeTarget section */

/* Begin PBXProject section */
		8C4A484F243D495500F6B20E /* Project object */ = {
			isa = PBXProject;
			attributes = {
				LastSwiftUpdateCheck = 1130;
				LastUpgradeCheck = 1130;
				ORGANIZATIONNAME = "Kulvir Dhillon";
				TargetAttributes = {
					8C4A4856243D495500F6B20E = {
						CreatedOnToolsVersion = 11.3.1;
					};
				};
			};
			buildConfigurationList = 8C4A4852243D495500F6B20E /* Build configuration list for PBXProject "DoorDoctor" */;
			compatibilityVersion = "Xcode 9.3";
			developmentRegion = en;
			hasScannedForEncodings = 0;
			knownRegions = (
				en,
				Base,
			);
			mainGroup = 8C4A484E243D495500F6B20E;
			productRefGroup = 8C4A4858243D495500F6B20E /* Products */;
			projectDirPath = "";
			projectRoot = "";
			targets = (
				8C4A4856243D495500F6B20E /* DoorDoctor */,
			);
		};
/* End PBXProject section */

/* Begin PBXResourcesBuildPhase section */
		8C4A4855243D495500F6B20E /* Resources */ = {
			isa = PBXResourcesBuildPhase;
			buildActionMask = 2147483647;
			files = (
				BD5070D4244503900070DD5A /* iconAsset.xcassets in Resources */,
				61DF0E84244567B700E472BA /* img1.jpg in Resources */,
				61DF0E7F244567B700E472BA /* img9.jpg in Resources */,
				61DF0E80244567B700E472BA /* img10.jpg in Resources */,
				61DF0E7E244567B700E472BA /* img4.jpg in Resources */,
				61DF0E7D244567B700E472BA /* img5.jpg in Resources */,
				61DF0E81244567B700E472BA /* img7.jpg in Resources */,
				61DF0E6F2445670D00E472BA /* BacImg4.jpg in Resources */,
				8C4A486A243D495600F6B20E /* LaunchScreen.storyboard in Resources */,
				BDD74BE3243FEA8200239FAD /* Doctor - 29643.mp4 in Resources */,
				61DF0E7C244567B700E472BA /* img2.jpg in Resources */,
				61DF0E83244567B700E472BA /* img6.jpg in Resources */,
				4280479E2440261500C43156 /* doctor.png in Resources */,
				61DF0E86244567B700E472BA /* img11.jpg in Resources */,
				61DF0E85244567B700E472BA /* img3.jpg in Resources */,
				61DF0E82244567B700E472BA /* img12.jpg in Resources */,
				61DF0E87244567B700E472BA /* img8.jpg in Resources */,
				8C4A4867243D495600F6B20E /* Assets.xcassets in Resources */,
				8C4A4862243D495500F6B20E /* Main.storyboard in Resources */,
				BDD74BE1243FE4DF00239FAD /* Cowboy - 33318.mp4 in Resources */,
			);
			runOnlyForDeploymentPostprocessing = 0;
		};
/* End PBXResourcesBuildPhase section */

/* Begin PBXSourcesBuildPhase section */
		8C4A4853243D495500F6B20E /* Sources */ = {
			isa = PBXSourcesBuildPhase;
			buildActionMask = 2147483647;
			files = (
				8C4A485F243D495500F6B20E /* ViewController.swift in Sources */,
				BD5070D624451A1A0070DD5A /* Designable Text Field.swift in Sources */,
				8C4A485B243D495500F6B20E /* AppDelegate.swift in Sources */,
				8C4A4865243D495500F6B20E /* DoorDoctor.xcdatamodeld in Sources */,
				8C4A485D243D495500F6B20E /* SceneDelegate.swift in Sources */,
				8C4A4874243D4CC800F6B20E /* signupViewController.swift in Sources */,
				8C4A487B243E661600F6B20E /* Utilities.swift in Sources */,
				61DF0E8924456C8800E472BA /* doctorListViewController.swift in Sources */,
				BD5070D22444F7B20070DD5A /* hometabViewController.swift in Sources */,
				8C4A4872243D4CB600F6B20E /* loginViewController.swift in Sources */,
			);
			runOnlyForDeploymentPostprocessing = 0;
		};
/* End PBXSourcesBuildPhase section */

/* Begin PBXVariantGroup section */
		8C4A4860243D495500F6B20E /* Main.storyboard */ = {
			isa = PBXVariantGroup;
			children = (
				8C4A4861243D495500F6B20E /* Base */,
			);
			name = Main.storyboard;
			sourceTree = "<group>";
		};
		8C4A4868243D495600F6B20E /* LaunchScreen.storyboard */ = {
			isa = PBXVariantGroup;
			children = (
				8C4A4869243D495600F6B20E /* Base */,
			);
			name = LaunchScreen.storyboard;
			sourceTree = "<group>";
		};
/* End PBXVariantGroup section */

/* Begin XCBuildConfiguration section */
		8C4A486C243D495600F6B20E /* Debug */ = {
			isa = XCBuildConfiguration;
			buildSettings = {
				ALWAYS_SEARCH_USER_PATHS = NO;
				CLANG_ANALYZER_NONNULL = YES;
				CLANG_ANALYZER_NUMBER_OBJECT_CONVERSION = YES_AGGRESSIVE;
				CLANG_CXX_LANGUAGE_STANDARD = "gnu++14";
				CLANG_CXX_LIBRARY = "libc++";
				CLANG_ENABLE_MODULES = YES;
				CLANG_ENABLE_OBJC_ARC = YES;
				CLANG_ENABLE_OBJC_WEAK = YES;
				CLANG_WARN_BLOCK_CAPTURE_AUTORELEASING = YES;
				CLANG_WARN_BOOL_CONVERSION = YES;
				CLANG_WARN_COMMA = YES;
				CLANG_WARN_CONSTANT_CONVERSION = YES;
				CLANG_WARN_DEPRECATED_OBJC_IMPLEMENTATIONS = YES;
				CLANG_WARN_DIRECT_OBJC_ISA_USAGE = YES_ERROR;
				CLANG_WARN_DOCUMENTATION_COMMENTS = YES;
				CLANG_WARN_EMPTY_BODY = YES;
				CLANG_WARN_ENUM_CONVERSION = YES;
				CLANG_WARN_INFINITE_RECURSION = YES;
				CLANG_WARN_INT_CONVERSION = YES;
				CLANG_WARN_NON_LITERAL_NULL_CONVERSION = YES;
				CLANG_WARN_OBJC_IMPLICIT_RETAIN_SELF = YES;
				CLANG_WARN_OBJC_LITERAL_CONVERSION = YES;
				CLANG_WARN_OBJC_ROOT_CLASS = YES_ERROR;
				CLANG_WARN_RANGE_LOOP_ANALYSIS = YES;
				CLANG_WARN_STRICT_PROTOTYPES = YES;
				CLANG_WARN_SUSPICIOUS_MOVE = YES;
				CLANG_WARN_UNGUARDED_AVAILABILITY = YES_AGGRESSIVE;
				CLANG_WARN_UNREACHABLE_CODE = YES;
				CLANG_WARN__DUPLICATE_METHOD_MATCH = YES;
				COPY_PHASE_STRIP = NO;
				DEBUG_INFORMATION_FORMAT = dwarf;
				ENABLE_STRICT_OBJC_MSGSEND = YES;
				ENABLE_TESTABILITY = YES;
				GCC_C_LANGUAGE_STANDARD = gnu11;
				GCC_DYNAMIC_NO_PIC = NO;
				GCC_NO_COMMON_BLOCKS = YES;
				GCC_OPTIMIZATION_LEVEL = 0;
				GCC_PREPROCESSOR_DEFINITIONS = (
					"DEBUG=1",
					"$(inherited)",
				);
				GCC_WARN_64_TO_32_BIT_CONVERSION = YES;
				GCC_WARN_ABOUT_RETURN_TYPE = YES_ERROR;
				GCC_WARN_UNDECLARED_SELECTOR = YES;
				GCC_WARN_UNINITIALIZED_AUTOS = YES_AGGRESSIVE;
				GCC_WARN_UNUSED_FUNCTION = YES;
				GCC_WARN_UNUSED_VARIABLE = YES;
				IPHONEOS_DEPLOYMENT_TARGET = 13.2;
				MTL_ENABLE_DEBUG_INFO = INCLUDE_SOURCE;
				MTL_FAST_MATH = YES;
				ONLY_ACTIVE_ARCH = YES;
				SDKROOT = iphoneos;
				SWIFT_ACTIVE_COMPILATION_CONDITIONS = DEBUG;
				SWIFT_OPTIMIZATION_LEVEL = "-Onone";
			};
			name = Debug;
		};
		8C4A486D243D495600F6B20E /* Release */ = {
			isa = XCBuildConfiguration;
			buildSettings = {
				ALWAYS_SEARCH_USER_PATHS = NO;
				CLANG_ANALYZER_NONNULL = YES;
				CLANG_ANALYZER_NUMBER_OBJECT_CONVERSION = YES_AGGRESSIVE;
				CLANG_CXX_LANGUAGE_STANDARD = "gnu++14";
				CLANG_CXX_LIBRARY = "libc++";
				CLANG_ENABLE_MODULES = YES;
				CLANG_ENABLE_OBJC_ARC = YES;
				CLANG_ENABLE_OBJC_WEAK = YES;
				CLANG_WARN_BLOCK_CAPTURE_AUTORELEASING = YES;
				CLANG_WARN_BOOL_CONVERSION = YES;
				CLANG_WARN_COMMA = YES;
				CLANG_WARN_CONSTANT_CONVERSION = YES;
				CLANG_WARN_DEPRECATED_OBJC_IMPLEMENTATIONS = YES;
				CLANG_WARN_DIRECT_OBJC_ISA_USAGE = YES_ERROR;
				CLANG_WARN_DOCUMENTATION_COMMENTS = YES;
				CLANG_WARN_EMPTY_BODY = YES;
				CLANG_WARN_ENUM_CONVERSION = YES;
				CLANG_WARN_INFINITE_RECURSION = YES;
				CLANG_WARN_INT_CONVERSION = YES;
				CLANG_WARN_NON_LITERAL_NULL_CONVERSION = YES;
				CLANG_WARN_OBJC_IMPLICIT_RETAIN_SELF = YES;
				CLANG_WARN_OBJC_LITERAL_CONVERSION = YES;
				CLANG_WARN_OBJC_ROOT_CLASS = YES_ERROR;
				CLANG_WARN_RANGE_LOOP_ANALYSIS = YES;
				CLANG_WARN_STRICT_PROTOTYPES = YES;
				CLANG_WARN_SUSPICIOUS_MOVE = YES;
				CLANG_WARN_UNGUARDED_AVAILABILITY = YES_AGGRESSIVE;
				CLANG_WARN_UNREACHABLE_CODE = YES;
				CLANG_WARN__DUPLICATE_METHOD_MATCH = YES;
				COPY_PHASE_STRIP = NO;
				DEBUG_INFORMATION_FORMAT = "dwarf-with-dsym";
				ENABLE_NS_ASSERTIONS = NO;
				ENABLE_STRICT_OBJC_MSGSEND = YES;
				GCC_C_LANGUAGE_STANDARD = gnu11;
				GCC_NO_COMMON_BLOCKS = YES;
				GCC_WARN_64_TO_32_BIT_CONVERSION = YES;
				GCC_WARN_ABOUT_RETURN_TYPE = YES_ERROR;
				GCC_WARN_UNDECLARED_SELECTOR = YES;
				GCC_WARN_UNINITIALIZED_AUTOS = YES_AGGRESSIVE;
				GCC_WARN_UNUSED_FUNCTION = YES;
				GCC_WARN_UNUSED_VARIABLE = YES;
				IPHONEOS_DEPLOYMENT_TARGET = 13.2;
				MTL_ENABLE_DEBUG_INFO = NO;
				MTL_FAST_MATH = YES;
				SDKROOT = iphoneos;
				SWIFT_COMPILATION_MODE = wholemodule;
				SWIFT_OPTIMIZATION_LEVEL = "-O";
				VALIDATE_PRODUCT = YES;
			};
			name = Release;
		};
		8C4A486F243D495600F6B20E /* Debug */ = {
			isa = XCBuildConfiguration;
			buildSettings = {
				ASSETCATALOG_COMPILER_APPICON_NAME = AppIcon;
				CODE_SIGN_STYLE = Automatic;
				INFOPLIST_FILE = DoorDoctor/Info.plist;
				LD_RUNPATH_SEARCH_PATHS = (
					"$(inherited)",
					"@executable_path/Frameworks",
				);
				PRODUCT_BUNDLE_IDENTIFIER = "Kulvir-Dhillon.DoorDoctor";
				PRODUCT_NAME = "$(TARGET_NAME)";
				SWIFT_VERSION = 5.0;
				TARGETED_DEVICE_FAMILY = "1,2";
			};
			name = Debug;
		};
		8C4A4870243D495600F6B20E /* Release */ = {
			isa = XCBuildConfiguration;
			buildSettings = {
				ASSETCATALOG_COMPILER_APPICON_NAME = AppIcon;
				CODE_SIGN_STYLE = Automatic;
				INFOPLIST_FILE = DoorDoctor/Info.plist;
				LD_RUNPATH_SEARCH_PATHS = (
					"$(inherited)",
					"@executable_path/Frameworks",
				);
				PRODUCT_BUNDLE_IDENTIFIER = "Kulvir-Dhillon.DoorDoctor";
				PRODUCT_NAME = "$(TARGET_NAME)";
				SWIFT_VERSION = 5.0;
				TARGETED_DEVICE_FAMILY = "1,2";
			};
			name = Release;
		};
/* End XCBuildConfiguration section */

/* Begin XCConfigurationList section */
		8C4A4852243D495500F6B20E /* Build configuration list for PBXProject "DoorDoctor" */ = {
			isa = XCConfigurationList;
			buildConfigurations = (
				8C4A486C243D495600F6B20E /* Debug */,
				8C4A486D243D495600F6B20E /* Release */,
			);
			defaultConfigurationIsVisible = 0;
			defaultConfigurationName = Release;
		};
		8C4A486E243D495600F6B20E /* Build configuration list for PBXNativeTarget "DoorDoctor" */ = {
			isa = XCConfigurationList;
			buildConfigurations = (
				8C4A486F243D495600F6B20E /* Debug */,
				8C4A4870243D495600F6B20E /* Release */,
			);
			defaultConfigurationIsVisible = 0;
			defaultConfigurationName = Release;
		};
/* End XCConfigurationList section */

/* Begin XCVersionGroup section */
		8C4A4863243D495500F6B20E /* DoorDoctor.xcdatamodeld */ = {
			isa = XCVersionGroup;
			children = (
				8C4A4864243D495500F6B20E /* DoorDoctor.xcdatamodel */,
			);
			currentVersion = 8C4A4864243D495500F6B20E /* DoorDoctor.xcdatamodel */;
			path = DoorDoctor.xcdatamodeld;
			sourceTree = "<group>";
			versionGroupType = wrapper.xcdatamodel;
		};
/* End XCVersionGroup section */
	};
	rootObject = 8C4A484F243D495500F6B20E /* Project object */;
}
