// !$*UTF8*$!
{
	archiveVersion = 1;
	classes = {
	};
	objectVersion = 51;
	objects = {

/* Begin PBXBuildFile section */
		424EA481245134D700699E6E /* WebViewVC.swift in Sources */ = {isa = PBXBuildFile; fileRef = 424EA480245134D700699E6E /* WebViewVC.swift */; };
		424EA48324513A6600699E6E /* CardViewUrls.swift in Sources */ = {isa = PBXBuildFile; fileRef = 424EA48224513A6600699E6E /* CardViewUrls.swift */; };
		4263127C244ABEA000099046 /* GoogleService-Info.plist in Resources */ = {isa = PBXBuildFile; fileRef = 4263127B244ABEA000099046 /* GoogleService-Info.plist */; };
		4280479E2440261500C43156 /* doctor.png in Resources */ = {isa = PBXBuildFile; fileRef = 4280479D2440261500C43156 /* doctor.png */; };
		428047F324479AEC00C43156 /* SearchRemedieVC.swift in Sources */ = {isa = PBXBuildFile; fileRef = 428047F224479AEC00C43156 /* SearchRemedieVC.swift */; };
		428047F524479D8400C43156 /* Remedies.swift in Sources */ = {isa = PBXBuildFile; fileRef = 428047F424479D8400C43156 /* Remedies.swift */; };
		428047F724479EB600C43156 /* helperR.swift in Sources */ = {isa = PBXBuildFile; fileRef = 428047F624479EB600C43156 /* helperR.swift */; };
		428047F924479F0700C43156 /* VideoData.swift in Sources */ = {isa = PBXBuildFile; fileRef = 428047F824479F0700C43156 /* VideoData.swift */; };
		428047FB2447AA0E00C43156 /* RemedieTVC.swift in Sources */ = {isa = PBXBuildFile; fileRef = 428047FA2447AA0E00C43156 /* RemedieTVC.swift */; };
		428047FD2447AC5700C43156 /* PlayVC.swift in Sources */ = {isa = PBXBuildFile; fileRef = 428047FC2447AC5700C43156 /* PlayVC.swift */; };
		61C79CB32447CB1A008E98BE /* BookingModal.swift in Sources */ = {isa = PBXBuildFile; fileRef = 61C79CB22447CB1A008E98BE /* BookingModal.swift */; };
		61DF0E6F2445670D00E472BA /* BacImg4.jpg in Resources */ = {isa = PBXBuildFile; fileRef = 61DF0E6E2445670D00E472BA /* BacImg4.jpg */; };
		61DF0E7C244567B700E472BA /* Dr Sofia.jpg in Resources */ = {isa = PBXBuildFile; fileRef = 61DF0E70244567B600E472BA /* Dr Sofia.jpg */; };
		61DF0E7D244567B700E472BA /* Dr Rashmi.jpg in Resources */ = {isa = PBXBuildFile; fileRef = 61DF0E71244567B600E472BA /* Dr Rashmi.jpg */; };
		61DF0E7E244567B700E472BA /* Dr Andrew.jpg in Resources */ = {isa = PBXBuildFile; fileRef = 61DF0E72244567B600E472BA /* Dr Andrew.jpg */; };
		61DF0E7F244567B700E472BA /* Dr Alok.jpg in Resources */ = {isa = PBXBuildFile; fileRef = 61DF0E73244567B600E472BA /* Dr Alok.jpg */; };
		61DF0E80244567B700E472BA /* Dr Daniel.jpg in Resources */ = {isa = PBXBuildFile; fileRef = 61DF0E74244567B600E472BA /* Dr Daniel.jpg */; };
		61DF0E81244567B700E472BA /* Dr Diana.jpg in Resources */ = {isa = PBXBuildFile; fileRef = 61DF0E75244567B600E472BA /* Dr Diana.jpg */; };
		61DF0E82244567B700E472BA /* Dr David.jpg in Resources */ = {isa = PBXBuildFile; fileRef = 61DF0E76244567B600E472BA /* Dr David.jpg */; };
		61DF0E83244567B700E472BA /* Dr Anat.jpg in Resources */ = {isa = PBXBuildFile; fileRef = 61DF0E77244567B700E472BA /* Dr Anat.jpg */; };
		61DF0E84244567B700E472BA /* Dr Aiden.jpg in Resources */ = {isa = PBXBuildFile; fileRef = 61DF0E78244567B700E472BA /* Dr Aiden.jpg */; };
		61DF0E85244567B700E472BA /* Dr Emily.jpg in Resources */ = {isa = PBXBuildFile; fileRef = 61DF0E79244567B700E472BA /* Dr Emily.jpg */; };
		61DF0E86244567B700E472BA /* Dr Ronald.jpg in Resources */ = {isa = PBXBuildFile; fileRef = 61DF0E7A244567B700E472BA /* Dr Ronald.jpg */; };
		61DF0E87244567B700E472BA /* Dr Jessica.jpg in Resources */ = {isa = PBXBuildFile; fileRef = 61DF0E7B244567B700E472BA /* Dr Jessica.jpg */; };
		61DF0E8924456C8800E472BA /* doctorListViewController.swift in Sources */ = {isa = PBXBuildFile; fileRef = 61DF0E8824456C8800E472BA /* doctorListViewController.swift */; };
		61DF0E8B2445730D00E472BA /* Doctor.swift in Sources */ = {isa = PBXBuildFile; fileRef = 61DF0E8A2445730D00E472BA /* Doctor.swift */; };
		61DF0E8D244583B700E472BA /* customTableViewCell.swift in Sources */ = {isa = PBXBuildFile; fileRef = 61DF0E8C244583B700E472BA /* customTableViewCell.swift */; };
		61DF0E8F24458C1200E472BA /* BookingViewController.swift in Sources */ = {isa = PBXBuildFile; fileRef = 61DF0E8E24458C1200E472BA /* BookingViewController.swift */; };
		61DF0E9124458C4600E472BA /* appointmentBooking.swift in Sources */ = {isa = PBXBuildFile; fileRef = 61DF0E9024458C4600E472BA /* appointmentBooking.swift */; };
		68193BA74163851F2C8BC679 /* Pods_DoorDoctor.framework in Frameworks */ = {isa = PBXBuildFile; fileRef = 75924A3086CBA89A6A0A4DAB /* Pods_DoorDoctor.framework */; };
		8C4A485B243D495500F6B20E /* AppDelegate.swift in Sources */ = {isa = PBXBuildFile; fileRef = 8C4A485A243D495500F6B20E /* AppDelegate.swift */; };
		8C4A485D243D495500F6B20E /* SceneDelegate.swift in Sources */ = {isa = PBXBuildFile; fileRef = 8C4A485C243D495500F6B20E /* SceneDelegate.swift */; };
		8C4A485F243D495500F6B20E /* ViewController.swift in Sources */ = {isa = PBXBuildFile; fileRef = 8C4A485E243D495500F6B20E /* ViewController.swift */; };
		8C4A4862243D495500F6B20E /* Main.storyboard in Resources */ = {isa = PBXBuildFile; fileRef = 8C4A4860243D495500F6B20E /* Main.storyboard */; };
		8C4A4865243D495500F6B20E /* DoorDoctor.xcdatamodeld in Sources */ = {isa = PBXBuildFile; fileRef = 8C4A4863243D495500F6B20E /* DoorDoctor.xcdatamodeld */; };
		8C4A4867243D495600F6B20E /* Assets.xcassets in Resources */ = {isa = PBXBuildFile; fileRef = 8C4A4866243D495600F6B20E /* Assets.xcassets */; };
		8C4A486A243D495600F6B20E /* LaunchScreen.storyboard in Resources */ = {isa = PBXBuildFile; fileRef = 8C4A4868243D495600F6B20E /* LaunchScreen.storyboard */; };
		8C4A4872243D4CB600F6B20E /* loginViewController.swift in Sources */ = {isa = PBXBuildFile; fileRef = 8C4A4871243D4CB600F6B20E /* loginViewController.swift */; };
		8C4A4874243D4CC800F6B20E /* signupViewController.swift in Sources */ = {isa = PBXBuildFile; fileRef = 8C4A4873243D4CC800F6B20E /* signupViewController.swift */; };
		8C4A487B243E661600F6B20E /* Utilities.swift in Sources */ = {isa = PBXBuildFile; fileRef = 8C4A487A243E661600F6B20E /* Utilities.swift */; };
		8CC8F2742447E23A00A7C037 /* userAccount.swift in Sources */ = {isa = PBXBuildFile; fileRef = 8CC8F2732447E23A00A7C037 /* userAccount.swift */; };
		8CC8F2762449168000A7C037 /* infoViewController.swift in Sources */ = {isa = PBXBuildFile; fileRef = 8CC8F2752449168000A7C037 /* infoViewController.swift */; };
		8CC8F27824491CB200A7C037 /* infoCustomCellTableViewCell.swift in Sources */ = {isa = PBXBuildFile; fileRef = 8CC8F27724491CB200A7C037 /* infoCustomCellTableViewCell.swift */; };
		8CC8F27A2449264D00A7C037 /* AppointmentList.swift in Sources */ = {isa = PBXBuildFile; fileRef = 8CC8F2792449264D00A7C037 /* AppointmentList.swift */; };
		BD5070D22444F7B20070DD5A /* hometabViewController.swift in Sources */ = {isa = PBXBuildFile; fileRef = BD5070D12444F7B20070DD5A /* hometabViewController.swift */; };
		BD5070D4244503900070DD5A /* iconAsset.xcassets in Resources */ = {isa = PBXBuildFile; fileRef = BD5070D3244503900070DD5A /* iconAsset.xcassets */; };
		BD5070D624451A1A0070DD5A /* Designable Text Field.swift in Sources */ = {isa = PBXBuildFile; fileRef = BD5070D524451A1A0070DD5A /* Designable Text Field.swift */; };
		BD571F852448E2C5000A24A6 /* MapVC.swift in Sources */ = {isa = PBXBuildFile; fileRef = BD571F842448E2C5000A24A6 /* MapVC.swift */; };
		BD571F872448E492000A24A6 /* ContentView.swift in Sources */ = {isa = PBXBuildFile; fileRef = BD571F862448E492000A24A6 /* ContentView.swift */; };
		BD571F8C2448E98D000A24A6 /* Landmark.swift in Sources */ = {isa = PBXBuildFile; fileRef = BD571F8B2448E98D000A24A6 /* Landmark.swift */; };
		BD571F8E2448E9AB000A24A6 /* LandmarkAnnotation.swift in Sources */ = {isa = PBXBuildFile; fileRef = BD571F8D2448E9AB000A24A6 /* LandmarkAnnotation.swift */; };
		BD571F902448E9DD000A24A6 /* LocalManager.swift in Sources */ = {isa = PBXBuildFile; fileRef = BD571F8F2448E9DD000A24A6 /* LocalManager.swift */; };
		BD571F922448E9FE000A24A6 /* MapView.swift in Sources */ = {isa = PBXBuildFile; fileRef = BD571F912448E9FE000A24A6 /* MapView.swift */; };
		BD571F962448F6DB000A24A6 /* PlacesListView.swift in Sources */ = {isa = PBXBuildFile; fileRef = BD571F952448F6DB000A24A6 /* PlacesListView.swift */; };
		BD57200E244A996C000A24A6 /* CardCell.swift in Sources */ = {isa = PBXBuildFile; fileRef = BD57200D244A996C000A24A6 /* CardCell.swift */; };
		BDD74BE1243FE4DF00239FAD /* Cowboy - 33318.mp4 in Resources */ = {isa = PBXBuildFile; fileRef = BDD74BE0243FE4DF00239FAD /* Cowboy - 33318.mp4 */; };
		BDD74BE3243FEA8200239FAD /* Doctor - 29643.mp4 in Resources */ = {isa = PBXBuildFile; fileRef = BDD74BE2243FEA8200239FAD /* Doctor - 29643.mp4 */; };
		BDF02E98244E975000FA1CB0 /* Icon.jpeg in Resources */ = {isa = PBXBuildFile; fileRef = BDF02E97244E975000FA1CB0 /* Icon.jpeg */; };
/* End PBXBuildFile section */

/* Begin PBXFileReference section */
		424EA480245134D700699E6E /* WebViewVC.swift */ = {isa = PBXFileReference; lastKnownFileType = sourcecode.swift; path = WebViewVC.swift; sourceTree = "<group>"; };
		424EA48224513A6600699E6E /* CardViewUrls.swift */ = {isa = PBXFileReference; lastKnownFileType = sourcecode.swift; path = CardViewUrls.swift; sourceTree = "<group>"; };
		4263127B244ABEA000099046 /* GoogleService-Info.plist */ = {isa = PBXFileReference; fileEncoding = 4; lastKnownFileType = text.plist.xml; path = "GoogleService-Info.plist"; sourceTree = "<group>"; };
		4280479D2440261500C43156 /* doctor.png */ = {isa = PBXFileReference; lastKnownFileType = image.png; path = doctor.png; sourceTree = "<group>"; };
		428047F224479AEC00C43156 /* SearchRemedieVC.swift */ = {isa = PBXFileReference; lastKnownFileType = sourcecode.swift; path = SearchRemedieVC.swift; sourceTree = "<group>"; };
		428047F424479D8400C43156 /* Remedies.swift */ = {isa = PBXFileReference; lastKnownFileType = sourcecode.swift; path = Remedies.swift; sourceTree = "<group>"; };
		428047F624479EB600C43156 /* helperR.swift */ = {isa = PBXFileReference; lastKnownFileType = sourcecode.swift; path = helperR.swift; sourceTree = "<group>"; };
		428047F824479F0700C43156 /* VideoData.swift */ = {isa = PBXFileReference; lastKnownFileType = sourcecode.swift; path = VideoData.swift; sourceTree = "<group>"; };
		428047FA2447AA0E00C43156 /* RemedieTVC.swift */ = {isa = PBXFileReference; lastKnownFileType = sourcecode.swift; path = RemedieTVC.swift; sourceTree = "<group>"; };
		428047FC2447AC5700C43156 /* PlayVC.swift */ = {isa = PBXFileReference; lastKnownFileType = sourcecode.swift; path = PlayVC.swift; sourceTree = "<group>"; };
		4682EF4FB9EA5C48775E61E0 /* Pods-DoorDoctor.release.xcconfig */ = {isa = PBXFileReference; includeInIndex = 1; lastKnownFileType = text.xcconfig; name = "Pods-DoorDoctor.release.xcconfig"; path = "Target Support Files/Pods-DoorDoctor/Pods-DoorDoctor.release.xcconfig"; sourceTree = "<group>"; };
		545B0E2E564EB135AD6941B3 /* Pods-DoorDoctor.debug.xcconfig */ = {isa = PBXFileReference; includeInIndex = 1; lastKnownFileType = text.xcconfig; name = "Pods-DoorDoctor.debug.xcconfig"; path = "Target Support Files/Pods-DoorDoctor/Pods-DoorDoctor.debug.xcconfig"; sourceTree = "<group>"; };
		61C79CB22447CB1A008E98BE /* BookingModal.swift */ = {isa = PBXFileReference; lastKnownFileType = sourcecode.swift; path = BookingModal.swift; sourceTree = "<group>"; };
		61DF0E6E2445670D00E472BA /* BacImg4.jpg */ = {isa = PBXFileReference; lastKnownFileType = image.jpeg; path = BacImg4.jpg; sourceTree = "<group>"; };
		61DF0E70244567B600E472BA /* Dr Sofia.jpg */ = {isa = PBXFileReference; lastKnownFileType = image.jpeg; path = "Dr Sofia.jpg"; sourceTree = "<group>"; };
		61DF0E71244567B600E472BA /* Dr Rashmi.jpg */ = {isa = PBXFileReference; lastKnownFileType = image.jpeg; path = "Dr Rashmi.jpg"; sourceTree = "<group>"; };
		61DF0E72244567B600E472BA /* Dr Andrew.jpg */ = {isa = PBXFileReference; lastKnownFileType = image.jpeg; path = "Dr Andrew.jpg"; sourceTree = "<group>"; };
		61DF0E73244567B600E472BA /* Dr Alok.jpg */ = {isa = PBXFileReference; lastKnownFileType = image.jpeg; path = "Dr Alok.jpg"; sourceTree = "<group>"; };
		61DF0E74244567B600E472BA /* Dr Daniel.jpg */ = {isa = PBXFileReference; lastKnownFileType = image.jpeg; path = "Dr Daniel.jpg"; sourceTree = "<group>"; };
		61DF0E75244567B600E472BA /* Dr Diana.jpg */ = {isa = PBXFileReference; lastKnownFileType = image.jpeg; path = "Dr Diana.jpg"; sourceTree = "<group>"; };
		61DF0E76244567B600E472BA /* Dr David.jpg */ = {isa = PBXFileReference; lastKnownFileType = image.jpeg; path = "Dr David.jpg"; sourceTree = "<group>"; };
		61DF0E77244567B700E472BA /* Dr Anat.jpg */ = {isa = PBXFileReference; lastKnownFileType = image.jpeg; path = "Dr Anat.jpg"; sourceTree = "<group>"; };
		61DF0E78244567B700E472BA /* Dr Aiden.jpg */ = {isa = PBXFileReference; lastKnownFileType = image.jpeg; path = "Dr Aiden.jpg"; sourceTree = "<group>"; };
		61DF0E79244567B700E472BA /* Dr Emily.jpg */ = {isa = PBXFileReference; lastKnownFileType = image.jpeg; path = "Dr Emily.jpg"; sourceTree = "<group>"; };
		61DF0E7A244567B700E472BA /* Dr Ronald.jpg */ = {isa = PBXFileReference; lastKnownFileType = image.jpeg; path = "Dr Ronald.jpg"; sourceTree = "<group>"; };
		61DF0E7B244567B700E472BA /* Dr Jessica.jpg */ = {isa = PBXFileReference; lastKnownFileType = image.jpeg; path = "Dr Jessica.jpg"; sourceTree = "<group>"; };
		61DF0E8824456C8800E472BA /* doctorListViewController.swift */ = {isa = PBXFileReference; lastKnownFileType = sourcecode.swift; path = doctorListViewController.swift; sourceTree = "<group>"; };
		61DF0E8A2445730D00E472BA /* Doctor.swift */ = {isa = PBXFileReference; lastKnownFileType = sourcecode.swift; path = Doctor.swift; sourceTree = "<group>"; };
		61DF0E8C244583B700E472BA /* customTableViewCell.swift */ = {isa = PBXFileReference; lastKnownFileType = sourcecode.swift; path = customTableViewCell.swift; sourceTree = "<group>"; };
		61DF0E8E24458C1200E472BA /* BookingViewController.swift */ = {isa = PBXFileReference; lastKnownFileType = sourcecode.swift; path = BookingViewController.swift; sourceTree = "<group>"; };
		61DF0E9024458C4600E472BA /* appointmentBooking.swift */ = {isa = PBXFileReference; lastKnownFileType = sourcecode.swift; path = appointmentBooking.swift; sourceTree = "<group>"; };
		75924A3086CBA89A6A0A4DAB /* Pods_DoorDoctor.framework */ = {isa = PBXFileReference; explicitFileType = wrapper.framework; includeInIndex = 0; path = Pods_DoorDoctor.framework; sourceTree = BUILT_PRODUCTS_DIR; };
		8C4A4857243D495500F6B20E /* DoorDoctor.app */ = {isa = PBXFileReference; explicitFileType = wrapper.application; includeInIndex = 0; path = DoorDoctor.app; sourceTree = BUILT_PRODUCTS_DIR; };
		8C4A485A243D495500F6B20E /* AppDelegate.swift */ = {isa = PBXFileReference; lastKnownFileType = sourcecode.swift; path = AppDelegate.swift; sourceTree = "<group>"; };
		8C4A485C243D495500F6B20E /* SceneDelegate.swift */ = {isa = PBXFileReference; lastKnownFileType = sourcecode.swift; path = SceneDelegate.swift; sourceTree = "<group>"; };
		8C4A485E243D495500F6B20E /* ViewController.swift */ = {isa = PBXFileReference; lastKnownFileType = sourcecode.swift; path = ViewController.swift; sourceTree = "<group>"; };
		8C4A4861243D495500F6B20E /* Base */ = {isa = PBXFileReference; lastKnownFileType = file.storyboard; name = Base; path = Base.lproj/Main.storyboard; sourceTree = "<group>"; };
		8C4A4864243D495500F6B20E /* DoorDoctor.xcdatamodel */ = {isa = PBXFileReference; lastKnownFileType = wrapper.xcdatamodel; path = DoorDoctor.xcdatamodel; sourceTree = "<group>"; };
		8C4A4866243D495600F6B20E /* Assets.xcassets */ = {isa = PBXFileReference; lastKnownFileType = folder.assetcatalog; path = Assets.xcassets; sourceTree = "<group>"; };
		8C4A4869243D495600F6B20E /* Base */ = {isa = PBXFileReference; lastKnownFileType = file.storyboard; name = Base; path = Base.lproj/LaunchScreen.storyboard; sourceTree = "<group>"; };
		8C4A486B243D495600F6B20E /* Info.plist */ = {isa = PBXFileReference; lastKnownFileType = text.plist.xml; path = Info.plist; sourceTree = "<group>"; };
		8C4A4871243D4CB600F6B20E /* loginViewController.swift */ = {isa = PBXFileReference; lastKnownFileType = sourcecode.swift; path = loginViewController.swift; sourceTree = "<group>"; };
		8C4A4873243D4CC800F6B20E /* signupViewController.swift */ = {isa = PBXFileReference; lastKnownFileType = sourcecode.swift; path = signupViewController.swift; sourceTree = "<group>"; };
		8C4A487A243E661600F6B20E /* Utilities.swift */ = {isa = PBXFileReference; lastKnownFileType = sourcecode.swift; path = Utilities.swift; sourceTree = "<group>"; };
		8CC8F2732447E23A00A7C037 /* userAccount.swift */ = {isa = PBXFileReference; lastKnownFileType = sourcecode.swift; path = userAccount.swift; sourceTree = "<group>"; };
		8CC8F2752449168000A7C037 /* infoViewController.swift */ = {isa = PBXFileReference; lastKnownFileType = sourcecode.swift; path = infoViewController.swift; sourceTree = "<group>"; };
		8CC8F27724491CB200A7C037 /* infoCustomCellTableViewCell.swift */ = {isa = PBXFileReference; lastKnownFileType = sourcecode.swift; path = infoCustomCellTableViewCell.swift; sourceTree = "<group>"; };
		8CC8F2792449264D00A7C037 /* AppointmentList.swift */ = {isa = PBXFileReference; lastKnownFileType = sourcecode.swift; path = AppointmentList.swift; sourceTree = "<group>"; };
		BD5070D12444F7B20070DD5A /* hometabViewController.swift */ = {isa = PBXFileReference; lastKnownFileType = sourcecode.swift; path = hometabViewController.swift; sourceTree = "<group>"; };
		BD5070D3244503900070DD5A /* iconAsset.xcassets */ = {isa = PBXFileReference; lastKnownFileType = folder.assetcatalog; path = iconAsset.xcassets; sourceTree = "<group>"; };
		BD5070D524451A1A0070DD5A /* Designable Text Field.swift */ = {isa = PBXFileReference; lastKnownFileType = sourcecode.swift; path = "Designable Text Field.swift"; sourceTree = "<group>"; };
		BD571F842448E2C5000A24A6 /* MapVC.swift */ = {isa = PBXFileReference; lastKnownFileType = sourcecode.swift; path = MapVC.swift; sourceTree = "<group>"; };
		BD571F862448E492000A24A6 /* ContentView.swift */ = {isa = PBXFileReference; lastKnownFileType = sourcecode.swift; path = ContentView.swift; sourceTree = "<group>"; };
		BD571F8B2448E98D000A24A6 /* Landmark.swift */ = {isa = PBXFileReference; lastKnownFileType = sourcecode.swift; path = Landmark.swift; sourceTree = "<group>"; };
		BD571F8D2448E9AB000A24A6 /* LandmarkAnnotation.swift */ = {isa = PBXFileReference; lastKnownFileType = sourcecode.swift; path = LandmarkAnnotation.swift; sourceTree = "<group>"; };
		BD571F8F2448E9DD000A24A6 /* LocalManager.swift */ = {isa = PBXFileReference; lastKnownFileType = sourcecode.swift; path = LocalManager.swift; sourceTree = "<group>"; };
		BD571F912448E9FE000A24A6 /* MapView.swift */ = {isa = PBXFileReference; lastKnownFileType = sourcecode.swift; path = MapView.swift; sourceTree = "<group>"; };
		BD571F952448F6DB000A24A6 /* PlacesListView.swift */ = {isa = PBXFileReference; lastKnownFileType = sourcecode.swift; path = PlacesListView.swift; sourceTree = "<group>"; };
		BD57200D244A996C000A24A6 /* CardCell.swift */ = {isa = PBXFileReference; lastKnownFileType = sourcecode.swift; path = CardCell.swift; sourceTree = "<group>"; };
		BDD74BE0243FE4DF00239FAD /* Cowboy - 33318.mp4 */ = {isa = PBXFileReference; lastKnownFileType = file; path = "Cowboy - 33318.mp4"; sourceTree = "<group>"; };
		BDD74BE2243FEA8200239FAD /* Doctor - 29643.mp4 */ = {isa = PBXFileReference; lastKnownFileType = file; path = "Doctor - 29643.mp4"; sourceTree = "<group>"; };
		BDF02E97244E975000FA1CB0 /* Icon.jpeg */ = {isa = PBXFileReference; lastKnownFileType = image.jpeg; path = Icon.jpeg; sourceTree = "<group>"; };
/* End PBXFileReference section */

/* Begin PBXFrameworksBuildPhase section */
		8C4A4854243D495500F6B20E /* Frameworks */ = {
			isa = PBXFrameworksBuildPhase;
			buildActionMask = 2147483647;
			files = (
				68193BA74163851F2C8BC679 /* Pods_DoorDoctor.framework in Frameworks */,
			);
			runOnlyForDeploymentPostprocessing = 0;
		};
/* End PBXFrameworksBuildPhase section */

/* Begin PBXGroup section */
		3DF8CB54FD30383938D510C7 /* Frameworks */ = {
			isa = PBXGroup;
			children = (
				75924A3086CBA89A6A0A4DAB /* Pods_DoorDoctor.framework */,
			);
			name = Frameworks;
			sourceTree = "<group>";
		};
		4263127D244AD19000099046 /* View Controllers */ = {
			isa = PBXGroup;
			children = (
				BD5070D12444F7B20070DD5A /* hometabViewController.swift */,
				BD571F842448E2C5000A24A6 /* MapVC.swift */,
				8CC8F2752449168000A7C037 /* infoViewController.swift */,
				428047FC2447AC5700C43156 /* PlayVC.swift */,
				428047FA2447AA0E00C43156 /* RemedieTVC.swift */,
				428047F224479AEC00C43156 /* SearchRemedieVC.swift */,
				8C4A485E243D495500F6B20E /* ViewController.swift */,
				61DF0E8E24458C1200E472BA /* BookingViewController.swift */,
				8C4A4873243D4CC800F6B20E /* signupViewController.swift */,
				61DF0E8824456C8800E472BA /* doctorListViewController.swift */,
				8C4A4871243D4CB600F6B20E /* loginViewController.swift */,
				424EA480245134D700699E6E /* WebViewVC.swift */,
			);
			path = "View Controllers";
			sourceTree = "<group>";
		};
		4263127E244AD2A700099046 /* Videos */ = {
			isa = PBXGroup;
			children = (
				BDD74BE2243FEA8200239FAD /* Doctor - 29643.mp4 */,
				BDD74BE0243FE4DF00239FAD /* Cowboy - 33318.mp4 */,
			);
			path = Videos;
			sourceTree = "<group>";
		};
		4263127F244AD2C900099046 /* Custom cells */ = {
			isa = PBXGroup;
			children = (
				8CC8F27724491CB200A7C037 /* infoCustomCellTableViewCell.swift */,
				61DF0E8C244583B700E472BA /* customTableViewCell.swift */,
			);
			path = "Custom cells";
			sourceTree = "<group>";
		};
		61DF0E6D2445615A00E472BA /* Images */ = {
			isa = PBXGroup;
			children = (
				BDF02E97244E975000FA1CB0 /* Icon.jpeg */,
				4280479D2440261500C43156 /* doctor.png */,
				61DF0E78244567B700E472BA /* Dr Aiden.jpg */,
				61DF0E70244567B600E472BA /* Dr Sofia.jpg */,
				61DF0E79244567B700E472BA /* Dr Emily.jpg */,
				61DF0E72244567B600E472BA /* Dr Andrew.jpg */,
				61DF0E71244567B600E472BA /* Dr Rashmi.jpg */,
				61DF0E77244567B700E472BA /* Dr Anat.jpg */,
				61DF0E75244567B600E472BA /* Dr Diana.jpg */,
				61DF0E7B244567B700E472BA /* Dr Jessica.jpg */,
				61DF0E73244567B600E472BA /* Dr Alok.jpg */,
				61DF0E74244567B600E472BA /* Dr Daniel.jpg */,
				61DF0E7A244567B700E472BA /* Dr Ronald.jpg */,
				61DF0E76244567B600E472BA /* Dr David.jpg */,
				61DF0E6E2445670D00E472BA /* BacImg4.jpg */,
			);
			path = Images;
			sourceTree = "<group>";
		};
		8C4A484E243D495500F6B20E = {
			isa = PBXGroup;
			children = (
				8C4A4859243D495500F6B20E /* DoorDoctor */,
				8C4A4858243D495500F6B20E /* Products */,
				D5EEFD34AE2F1E7911960C8C /* Pods */,
				3DF8CB54FD30383938D510C7 /* Frameworks */,
			);
			sourceTree = "<group>";
		};
		8C4A4858243D495500F6B20E /* Products */ = {
			isa = PBXGroup;
			children = (
				8C4A4857243D495500F6B20E /* DoorDoctor.app */,
			);
			name = Products;
			sourceTree = "<group>";
		};
		8C4A4859243D495500F6B20E /* DoorDoctor */ = {
			isa = PBXGroup;
			children = (
				4263127F244AD2C900099046 /* Custom cells */,
				4263127E244AD2A700099046 /* Videos */,
				4263127D244AD19000099046 /* View Controllers */,
				BD571F8A2448E932000A24A6 /* ViewsSwiftUI */,
				BD571F892448E90D000A24A6 /* ManagersSwiftUI */,
				BD571F882448E8E1000A24A6 /* Models */,
				61DF0E6D2445615A00E472BA /* Images */,
				8C4A4877243E65A600F6B20E /* Helpers */,
				8C4A485A243D495500F6B20E /* AppDelegate.swift */,
				8C4A485C243D495500F6B20E /* SceneDelegate.swift */,
				8C4A4860243D495500F6B20E /* Main.storyboard */,
				8C4A4866243D495600F6B20E /* Assets.xcassets */,
				8C4A4868243D495600F6B20E /* LaunchScreen.storyboard */,
				8C4A486B243D495600F6B20E /* Info.plist */,
				4263127B244ABEA000099046 /* GoogleService-Info.plist */,
				8C4A4863243D495500F6B20E /* DoorDoctor.xcdatamodeld */,
				61DF0E9024458C4600E472BA /* appointmentBooking.swift */,
				BD5070D3244503900070DD5A /* iconAsset.xcassets */,
				BD5070D524451A1A0070DD5A /* Designable Text Field.swift */,
			);
			path = DoorDoctor;
			sourceTree = "<group>";
		};
		8C4A4877243E65A600F6B20E /* Helpers */ = {
			isa = PBXGroup;
			children = (
				428047F824479F0700C43156 /* VideoData.swift */,
				8C4A487A243E661600F6B20E /* Utilities.swift */,
				428047F624479EB600C43156 /* helperR.swift */,
				BD571F862448E492000A24A6 /* ContentView.swift */,
				BD57200D244A996C000A24A6 /* CardCell.swift */,
				424EA48224513A6600699E6E /* CardViewUrls.swift */,
			);
			path = Helpers;
			sourceTree = "<group>";
		};
		BD571F882448E8E1000A24A6 /* Models */ = {
			isa = PBXGroup;
			children = (
				61DF0E8A2445730D00E472BA /* Doctor.swift */,
				8CC8F2792449264D00A7C037 /* AppointmentList.swift */,
				8CC8F2732447E23A00A7C037 /* userAccount.swift */,
				61C79CB22447CB1A008E98BE /* BookingModal.swift */,
				428047F424479D8400C43156 /* Remedies.swift */,
				BD571F8B2448E98D000A24A6 /* Landmark.swift */,
				BD571F8D2448E9AB000A24A6 /* LandmarkAnnotation.swift */,
			);
			path = Models;
			sourceTree = "<group>";
		};
		BD571F892448E90D000A24A6 /* ManagersSwiftUI */ = {
			isa = PBXGroup;
			children = (
				BD571F8F2448E9DD000A24A6 /* LocalManager.swift */,
			);
			path = ManagersSwiftUI;
			sourceTree = "<group>";
		};
		BD571F8A2448E932000A24A6 /* ViewsSwiftUI */ = {
			isa = PBXGroup;
			children = (
				BD571F912448E9FE000A24A6 /* MapView.swift */,
				BD571F952448F6DB000A24A6 /* PlacesListView.swift */,
			);
			path = ViewsSwiftUI;
			sourceTree = "<group>";
		};
		D5EEFD34AE2F1E7911960C8C /* Pods */ = {
			isa = PBXGroup;
			children = (
				545B0E2E564EB135AD6941B3 /* Pods-DoorDoctor.debug.xcconfig */,
				4682EF4FB9EA5C48775E61E0 /* Pods-DoorDoctor.release.xcconfig */,
			);
			path = Pods;
			sourceTree = "<group>";
		};
/* End PBXGroup section */

/* Begin PBXNativeTarget section */
		8C4A4856243D495500F6B20E /* DoorDoctor */ = {
			isa = PBXNativeTarget;
			buildConfigurationList = 8C4A486E243D495600F6B20E /* Build configuration list for PBXNativeTarget "DoorDoctor" */;
			buildPhases = (
				67119C8F48931D76BBFA4D70 /* [CP] Check Pods Manifest.lock */,
				8C4A4853243D495500F6B20E /* Sources */,
				8C4A4854243D495500F6B20E /* Frameworks */,
				8C4A4855243D495500F6B20E /* Resources */,
				2653D56BD96A435EB8591D6E /* [CP] Embed Pods Frameworks */,
			);
			buildRules = (
			);
			dependencies = (
			);
			name = DoorDoctor;
			productName = DoorDoctor;
			productReference = 8C4A4857243D495500F6B20E /* DoorDoctor.app */;
			productType = "com.apple.product-type.application";
		};
/* End PBXNativeTarget section */

/* Begin PBXProject section */
		8C4A484F243D495500F6B20E /* Project object */ = {
			isa = PBXProject;
			attributes = {
				LastSwiftUpdateCheck = 1130;
				LastUpgradeCheck = 1130;
				ORGANIZATIONNAME = "Kulvir Dhillon";
				TargetAttributes = {
					8C4A4856243D495500F6B20E = {
						CreatedOnToolsVersion = 11.3.1;
					};
				};
			};
			buildConfigurationList = 8C4A4852243D495500F6B20E /* Build configuration list for PBXProject "DoorDoctor" */;
			compatibilityVersion = "Xcode 9.3";
			developmentRegion = en;
			hasScannedForEncodings = 0;
			knownRegions = (
				en,
				Base,
			);
			mainGroup = 8C4A484E243D495500F6B20E;
			productRefGroup = 8C4A4858243D495500F6B20E /* Products */;
			projectDirPath = "";
			projectRoot = "";
			targets = (
				8C4A4856243D495500F6B20E /* DoorDoctor */,
			);
		};
/* End PBXProject section */

/* Begin PBXResourcesBuildPhase section */
		8C4A4855243D495500F6B20E /* Resources */ = {
			isa = PBXResourcesBuildPhase;
			buildActionMask = 2147483647;
			files = (
				BD5070D4244503900070DD5A /* iconAsset.xcassets in Resources */,
				61DF0E84244567B700E472BA /* Dr Aiden.jpg in Resources */,
				61DF0E7F244567B700E472BA /* Dr Alok.jpg in Resources */,
				61DF0E80244567B700E472BA /* Dr Daniel.jpg in Resources */,
				61DF0E7E244567B700E472BA /* Dr Andrew.jpg in Resources */,
				61DF0E7D244567B700E472BA /* Dr Rashmi.jpg in Resources */,
				61DF0E81244567B700E472BA /* Dr Diana.jpg in Resources */,
				61DF0E6F2445670D00E472BA /* BacImg4.jpg in Resources */,
				8C4A486A243D495600F6B20E /* LaunchScreen.storyboard in Resources */,
				BDD74BE3243FEA8200239FAD /* Doctor - 29643.mp4 in Resources */,
				BDF02E98244E975000FA1CB0 /* Icon.jpeg in Resources */,
				61DF0E7C244567B700E472BA /* Dr Sofia.jpg in Resources */,
				61DF0E83244567B700E472BA /* Dr Anat.jpg in Resources */,
				4280479E2440261500C43156 /* doctor.png in Resources */,
				61DF0E86244567B700E472BA /* Dr Ronald.jpg in Resources */,
				61DF0E85244567B700E472BA /* Dr Emily.jpg in Resources */,
				61DF0E82244567B700E472BA /* Dr David.jpg in Resources */,
				61DF0E87244567B700E472BA /* Dr Jessica.jpg in Resources */,
				8C4A4867243D495600F6B20E /* Assets.xcassets in Resources */,
				8C4A4862243D495500F6B20E /* Main.storyboard in Resources */,
				BDD74BE1243FE4DF00239FAD /* Cowboy - 33318.mp4 in Resources */,
				4263127C244ABEA000099046 /* GoogleService-Info.plist in Resources */,
			);
			runOnlyForDeploymentPostprocessing = 0;
		};
/* End PBXResourcesBuildPhase section */

/* Begin PBXShellScriptBuildPhase section */
		2653D56BD96A435EB8591D6E /* [CP] Embed Pods Frameworks */ = {
			isa = PBXShellScriptBuildPhase;
			buildActionMask = 2147483647;
			files = (
			);
			inputFileListPaths = (
				"${PODS_ROOT}/Target Support Files/Pods-DoorDoctor/Pods-DoorDoctor-frameworks-${CONFIGURATION}-input-files.xcfilelist",
			);
			name = "[CP] Embed Pods Frameworks";
			outputFileListPaths = (
				"${PODS_ROOT}/Target Support Files/Pods-DoorDoctor/Pods-DoorDoctor-frameworks-${CONFIGURATION}-output-files.xcfilelist",
			);
			runOnlyForDeploymentPostprocessing = 0;
			shellPath = /bin/sh;
			shellScript = "\"${PODS_ROOT}/Target Support Files/Pods-DoorDoctor/Pods-DoorDoctor-frameworks.sh\"\n";
			showEnvVarsInLog = 0;
		};
		67119C8F48931D76BBFA4D70 /* [CP] Check Pods Manifest.lock */ = {
			isa = PBXShellScriptBuildPhase;
			buildActionMask = 2147483647;
			files = (
			);
			inputFileListPaths = (
			);
			inputPaths = (
				"${PODS_PODFILE_DIR_PATH}/Podfile.lock",
				"${PODS_ROOT}/Manifest.lock",
			);
			name = "[CP] Check Pods Manifest.lock";
			outputFileListPaths = (
			);
			outputPaths = (
				"$(DERIVED_FILE_DIR)/Pods-DoorDoctor-checkManifestLockResult.txt",
			);
			runOnlyForDeploymentPostprocessing = 0;
			shellPath = /bin/sh;
			shellScript = "diff \"${PODS_PODFILE_DIR_PATH}/Podfile.lock\" \"${PODS_ROOT}/Manifest.lock\" > /dev/null\nif [ $? != 0 ] ; then\n    # print error to STDERR\n    echo \"error: The sandbox is not in sync with the Podfile.lock. Run 'pod install' or update your CocoaPods installation.\" >&2\n    exit 1\nfi\n# This output is used by Xcode 'outputs' to avoid re-running this script phase.\necho \"SUCCESS\" > \"${SCRIPT_OUTPUT_FILE_0}\"\n";
			showEnvVarsInLog = 0;
		};
/* End PBXShellScriptBuildPhase section */

/* Begin PBXSourcesBuildPhase section */
		8C4A4853243D495500F6B20E /* Sources */ = {
			isa = PBXSourcesBuildPhase;
			buildActionMask = 2147483647;
			files = (
				61DF0E8B2445730D00E472BA /* Doctor.swift in Sources */,
				8C4A485F243D495500F6B20E /* ViewController.swift in Sources */,
				BD571F872448E492000A24A6 /* ContentView.swift in Sources */,
				428047FD2447AC5700C43156 /* PlayVC.swift in Sources */,
				BD571F8C2448E98D000A24A6 /* Landmark.swift in Sources */,
				BD571F902448E9DD000A24A6 /* LocalManager.swift in Sources */,
				61DF0E8D244583B700E472BA /* customTableViewCell.swift in Sources */,
				424EA48324513A6600699E6E /* CardViewUrls.swift in Sources */,
				428047FB2447AA0E00C43156 /* RemedieTVC.swift in Sources */,
				424EA481245134D700699E6E /* WebViewVC.swift in Sources */,
				BD5070D624451A1A0070DD5A /* Designable Text Field.swift in Sources */,
				8C4A485B243D495500F6B20E /* AppDelegate.swift in Sources */,
				8CC8F27824491CB200A7C037 /* infoCustomCellTableViewCell.swift in Sources */,
				428047F924479F0700C43156 /* VideoData.swift in Sources */,
				BD571F8E2448E9AB000A24A6 /* LandmarkAnnotation.swift in Sources */,
				8CC8F2762449168000A7C037 /* infoViewController.swift in Sources */,
				BD571F852448E2C5000A24A6 /* MapVC.swift in Sources */,
				8C4A4865243D495500F6B20E /* DoorDoctor.xcdatamodeld in Sources */,
				8C4A485D243D495500F6B20E /* SceneDelegate.swift in Sources */,
				428047F524479D8400C43156 /* Remedies.swift in Sources */,
				8C4A4874243D4CC800F6B20E /* signupViewController.swift in Sources */,
				8C4A487B243E661600F6B20E /* Utilities.swift in Sources */,
				61C79CB32447CB1A008E98BE /* BookingModal.swift in Sources */,
				BD571F962448F6DB000A24A6 /* PlacesListView.swift in Sources */,
				8CC8F2742447E23A00A7C037 /* userAccount.swift in Sources */,
				61DF0E8924456C8800E472BA /* doctorListViewController.swift in Sources */,
				BD571F922448E9FE000A24A6 /* MapView.swift in Sources */,
				428047F724479EB600C43156 /* helperR.swift in Sources */,
				61DF0E8F24458C1200E472BA /* BookingViewController.swift in Sources */,
				8CC8F27A2449264D00A7C037 /* AppointmentList.swift in Sources */,
				61DF0E9124458C4600E472BA /* appointmentBooking.swift in Sources */,
				BD57200E244A996C000A24A6 /* CardCell.swift in Sources */,
				BD5070D22444F7B20070DD5A /* hometabViewController.swift in Sources */,
				428047F324479AEC00C43156 /* SearchRemedieVC.swift in Sources */,
				8C4A4872243D4CB600F6B20E /* loginViewController.swift in Sources */,
			);
			runOnlyForDeploymentPostprocessing = 0;
		};
/* End PBXSourcesBuildPhase section */

/* Begin PBXVariantGroup section */
		8C4A4860243D495500F6B20E /* Main.storyboard */ = {
			isa = PBXVariantGroup;
			children = (
				8C4A4861243D495500F6B20E /* Base */,
			);
			name = Main.storyboard;
			sourceTree = "<group>";
		};
		8C4A4868243D495600F6B20E /* LaunchScreen.storyboard */ = {
			isa = PBXVariantGroup;
			children = (
				8C4A4869243D495600F6B20E /* Base */,
			);
			name = LaunchScreen.storyboard;
			sourceTree = "<group>";
		};
/* End PBXVariantGroup section */

/* Begin XCBuildConfiguration section */
		8C4A486C243D495600F6B20E /* Debug */ = {
			isa = XCBuildConfiguration;
			buildSettings = {
				ALWAYS_SEARCH_USER_PATHS = NO;
				CLANG_ANALYZER_NONNULL = YES;
				CLANG_ANALYZER_NUMBER_OBJECT_CONVERSION = YES_AGGRESSIVE;
				CLANG_CXX_LANGUAGE_STANDARD = "gnu++14";
				CLANG_CXX_LIBRARY = "libc++";
				CLANG_ENABLE_MODULES = YES;
				CLANG_ENABLE_OBJC_ARC = YES;
				CLANG_ENABLE_OBJC_WEAK = YES;
				CLANG_WARN_BLOCK_CAPTURE_AUTORELEASING = YES;
				CLANG_WARN_BOOL_CONVERSION = YES;
				CLANG_WARN_COMMA = YES;
				CLANG_WARN_CONSTANT_CONVERSION = YES;
				CLANG_WARN_DEPRECATED_OBJC_IMPLEMENTATIONS = YES;
				CLANG_WARN_DIRECT_OBJC_ISA_USAGE = YES_ERROR;
				CLANG_WARN_DOCUMENTATION_COMMENTS = YES;
				CLANG_WARN_EMPTY_BODY = YES;
				CLANG_WARN_ENUM_CONVERSION = YES;
				CLANG_WARN_INFINITE_RECURSION = YES;
				CLANG_WARN_INT_CONVERSION = YES;
				CLANG_WARN_NON_LITERAL_NULL_CONVERSION = YES;
				CLANG_WARN_OBJC_IMPLICIT_RETAIN_SELF = YES;
				CLANG_WARN_OBJC_LITERAL_CONVERSION = YES;
				CLANG_WARN_OBJC_ROOT_CLASS = YES_ERROR;
				CLANG_WARN_RANGE_LOOP_ANALYSIS = YES;
				CLANG_WARN_STRICT_PROTOTYPES = YES;
				CLANG_WARN_SUSPICIOUS_MOVE = YES;
				CLANG_WARN_UNGUARDED_AVAILABILITY = YES_AGGRESSIVE;
				CLANG_WARN_UNREACHABLE_CODE = YES;
				CLANG_WARN__DUPLICATE_METHOD_MATCH = YES;
				COPY_PHASE_STRIP = NO;
				DEBUG_INFORMATION_FORMAT = dwarf;
				ENABLE_STRICT_OBJC_MSGSEND = YES;
				ENABLE_TESTABILITY = YES;
				GCC_C_LANGUAGE_STANDARD = gnu11;
				GCC_DYNAMIC_NO_PIC = NO;
				GCC_NO_COMMON_BLOCKS = YES;
				GCC_OPTIMIZATION_LEVEL = 0;
				GCC_PREPROCESSOR_DEFINITIONS = (
					"DEBUG=1",
					"$(inherited)",
				);
				GCC_WARN_64_TO_32_BIT_CONVERSION = YES;
				GCC_WARN_ABOUT_RETURN_TYPE = YES_ERROR;
				GCC_WARN_UNDECLARED_SELECTOR = YES;
				GCC_WARN_UNINITIALIZED_AUTOS = YES_AGGRESSIVE;
				GCC_WARN_UNUSED_FUNCTION = YES;
				GCC_WARN_UNUSED_VARIABLE = YES;
				IPHONEOS_DEPLOYMENT_TARGET = 13.2;
				MTL_ENABLE_DEBUG_INFO = INCLUDE_SOURCE;
				MTL_FAST_MATH = YES;
				ONLY_ACTIVE_ARCH = YES;
				SDKROOT = iphoneos;
				SWIFT_ACTIVE_COMPILATION_CONDITIONS = DEBUG;
				SWIFT_OPTIMIZATION_LEVEL = "-Onone";
			};
			name = Debug;
		};
		8C4A486D243D495600F6B20E /* Release */ = {
			isa = XCBuildConfiguration;
			buildSettings = {
				ALWAYS_SEARCH_USER_PATHS = NO;
				CLANG_ANALYZER_NONNULL = YES;
				CLANG_ANALYZER_NUMBER_OBJECT_CONVERSION = YES_AGGRESSIVE;
				CLANG_CXX_LANGUAGE_STANDARD = "gnu++14";
				CLANG_CXX_LIBRARY = "libc++";
				CLANG_ENABLE_MODULES = YES;
				CLANG_ENABLE_OBJC_ARC = YES;
				CLANG_ENABLE_OBJC_WEAK = YES;
				CLANG_WARN_BLOCK_CAPTURE_AUTORELEASING = YES;
				CLANG_WARN_BOOL_CONVERSION = YES;
				CLANG_WARN_COMMA = YES;
				CLANG_WARN_CONSTANT_CONVERSION = YES;
				CLANG_WARN_DEPRECATED_OBJC_IMPLEMENTATIONS = YES;
				CLANG_WARN_DIRECT_OBJC_ISA_USAGE = YES_ERROR;
				CLANG_WARN_DOCUMENTATION_COMMENTS = YES;
				CLANG_WARN_EMPTY_BODY = YES;
				CLANG_WARN_ENUM_CONVERSION = YES;
				CLANG_WARN_INFINITE_RECURSION = YES;
				CLANG_WARN_INT_CONVERSION = YES;
				CLANG_WARN_NON_LITERAL_NULL_CONVERSION = YES;
				CLANG_WARN_OBJC_IMPLICIT_RETAIN_SELF = YES;
				CLANG_WARN_OBJC_LITERAL_CONVERSION = YES;
				CLANG_WARN_OBJC_ROOT_CLASS = YES_ERROR;
				CLANG_WARN_RANGE_LOOP_ANALYSIS = YES;
				CLANG_WARN_STRICT_PROTOTYPES = YES;
				CLANG_WARN_SUSPICIOUS_MOVE = YES;
				CLANG_WARN_UNGUARDED_AVAILABILITY = YES_AGGRESSIVE;
				CLANG_WARN_UNREACHABLE_CODE = YES;
				CLANG_WARN__DUPLICATE_METHOD_MATCH = YES;
				COPY_PHASE_STRIP = NO;
				DEBUG_INFORMATION_FORMAT = "dwarf-with-dsym";
				ENABLE_NS_ASSERTIONS = NO;
				ENABLE_STRICT_OBJC_MSGSEND = YES;
				GCC_C_LANGUAGE_STANDARD = gnu11;
				GCC_NO_COMMON_BLOCKS = YES;
				GCC_WARN_64_TO_32_BIT_CONVERSION = YES;
				GCC_WARN_ABOUT_RETURN_TYPE = YES_ERROR;
				GCC_WARN_UNDECLARED_SELECTOR = YES;
				GCC_WARN_UNINITIALIZED_AUTOS = YES_AGGRESSIVE;
				GCC_WARN_UNUSED_FUNCTION = YES;
				GCC_WARN_UNUSED_VARIABLE = YES;
				IPHONEOS_DEPLOYMENT_TARGET = 13.2;
				MTL_ENABLE_DEBUG_INFO = NO;
				MTL_FAST_MATH = YES;
				SDKROOT = iphoneos;
				SWIFT_COMPILATION_MODE = wholemodule;
				SWIFT_OPTIMIZATION_LEVEL = "-O";
				VALIDATE_PRODUCT = YES;
			};
			name = Release;
		};
		8C4A486F243D495600F6B20E /* Debug */ = {
			isa = XCBuildConfiguration;
			baseConfigurationReference = 545B0E2E564EB135AD6941B3 /* Pods-DoorDoctor.debug.xcconfig */;
			buildSettings = {
				ASSETCATALOG_COMPILER_APPICON_NAME = AppIcon;
				CODE_SIGN_STYLE = Automatic;
				INFOPLIST_FILE = DoorDoctor/Info.plist;
				LD_RUNPATH_SEARCH_PATHS = (
					"$(inherited)",
					"@executable_path/Frameworks",
				);
				PRODUCT_BUNDLE_IDENTIFIER = "Kulvir-Dhillon.DoorDoctor";
				PRODUCT_NAME = "$(TARGET_NAME)";
				SWIFT_VERSION = 5.0;
				TARGETED_DEVICE_FAMILY = "1,2";
			};
			name = Debug;
		};
		8C4A4870243D495600F6B20E /* Release */ = {
			isa = XCBuildConfiguration;
			baseConfigurationReference = 4682EF4FB9EA5C48775E61E0 /* Pods-DoorDoctor.release.xcconfig */;
			buildSettings = {
				ASSETCATALOG_COMPILER_APPICON_NAME = AppIcon;
				CODE_SIGN_STYLE = Automatic;
				INFOPLIST_FILE = DoorDoctor/Info.plist;
				LD_RUNPATH_SEARCH_PATHS = (
					"$(inherited)",
					"@executable_path/Frameworks",
				);
				PRODUCT_BUNDLE_IDENTIFIER = "Kulvir-Dhillon.DoorDoctor";
				PRODUCT_NAME = "$(TARGET_NAME)";
				SWIFT_VERSION = 5.0;
				TARGETED_DEVICE_FAMILY = "1,2";
			};
			name = Release;
		};
/* End XCBuildConfiguration section */

/* Begin XCConfigurationList section */
		8C4A4852243D495500F6B20E /* Build configuration list for PBXProject "DoorDoctor" */ = {
			isa = XCConfigurationList;
			buildConfigurations = (
				8C4A486C243D495600F6B20E /* Debug */,
				8C4A486D243D495600F6B20E /* Release */,
			);
			defaultConfigurationIsVisible = 0;
			defaultConfigurationName = Release;
		};
		8C4A486E243D495600F6B20E /* Build configuration list for PBXNativeTarget "DoorDoctor" */ = {
			isa = XCConfigurationList;
			buildConfigurations = (
				8C4A486F243D495600F6B20E /* Debug */,
				8C4A4870243D495600F6B20E /* Release */,
			);
			defaultConfigurationIsVisible = 0;
			defaultConfigurationName = Release;
		};
/* End XCConfigurationList section */

/* Begin XCVersionGroup section */
		8C4A4863243D495500F6B20E /* DoorDoctor.xcdatamodeld */ = {
			isa = XCVersionGroup;
			children = (
				8C4A4864243D495500F6B20E /* DoorDoctor.xcdatamodel */,
			);
			currentVersion = 8C4A4864243D495500F6B20E /* DoorDoctor.xcdatamodel */;
			path = DoorDoctor.xcdatamodeld;
			sourceTree = "<group>";
			versionGroupType = wrapper.xcdatamodel;
		};
/* End XCVersionGroup section */
	};
	rootObject = 8C4A484F243D495500F6B20E /* Project object */;
}
